
Microsoft Visual Studio Solution File, Format Version 12.00
# Visual Studio 15
VisualStudioVersion = 15.0.28010.2046
MinimumVisualStudioVersion = 10.0.40219.1
Project("{FAE04EC0-301F-11D3-BF4B-00C04F79EFBC}") = "Dinner Party Cost Estimator", "Dinner Party Cost Estimator\Dinner Party Cost Estimator.csproj", "{6638FA87-1E81-48CB-B27A-4DF70A9B4B64}"
EndProject
Global
	GlobalSection(SolutionConfigurationPlatforms) = preSolution
		Debug|Any CPU = Debug|Any CPU
		Release|Any CPU = Release|Any CPU
	EndGlobalSection
	GlobalSection(ProjectConfigurationPlatforms) = postSolution
		{6638FA87-1E81-48CB-B27A-4DF70A9B4B64}.Debug|Any CPU.ActiveCfg = Debug|Any CPU
		{6638FA87-1E81-48CB-B27A-4DF70A9B4B64}.Debug|Any CPU.Build.0 = Debug|Any CPU
		{6638FA87-1E81-48CB-B27A-4DF70A9B4B64}.Release|Any CPU.ActiveCfg = Release|Any CPU
		{6638FA87-1E81-48CB-B27A-4DF70A9B4B64}.Release|Any CPU.Build.0 = Release|Any CPU
	EndGlobalSection
	GlobalSection(SolutionProperties) = preSolution
		HideSolutionNode = FALSE
	EndGlobalSection
	GlobalSection(ExtensibilityGlobals) = postSolution
		SolutionGuid = {DB15E0E6-5130-4268-8353-86D6C2FEFE31}
	EndGlobalSection
EndGlobal
